// !$*UTF8*$!
{
	archiveVersion = 1;
	classes = {
	};
	objectVersion = 46;
	objects = {

/* Begin PBXBuildFile section */
		35813FB418E771EE00D80D12 /* soccerBall.png in Resources */ = {isa = PBXBuildFile; fileRef = 35813FB318E771EE00D80D12 /* soccerBall.png */; };
		3711682718E4A66100BCC121 /* Foundation.framework in Frameworks */ = {isa = PBXBuildFile; fileRef = 3711682618E4A66100BCC121 /* Foundation.framework */; };
		3711682918E4A66100BCC121 /* CoreGraphics.framework in Frameworks */ = {isa = PBXBuildFile; fileRef = 3711682818E4A66100BCC121 /* CoreGraphics.framework */; };
		3711682B18E4A66100BCC121 /* UIKit.framework in Frameworks */ = {isa = PBXBuildFile; fileRef = 3711682A18E4A66100BCC121 /* UIKit.framework */; };
		3711683118E4A66100BCC121 /* InfoPlist.strings in Resources */ = {isa = PBXBuildFile; fileRef = 3711682F18E4A66100BCC121 /* InfoPlist.strings */; };
		3711683318E4A66100BCC121 /* main.m in Sources */ = {isa = PBXBuildFile; fileRef = 3711683218E4A66100BCC121 /* main.m */; };
		3711683718E4A66100BCC121 /* YIAppDelegate.m in Sources */ = {isa = PBXBuildFile; fileRef = 3711683618E4A66100BCC121 /* YIAppDelegate.m */; };
		3711683A18E4A66100BCC121 /* Main.storyboard in Resources */ = {isa = PBXBuildFile; fileRef = 3711683818E4A66100BCC121 /* Main.storyboard */; };
		3711683D18E4A66100BCC121 /* YIFirstViewController.m in Sources */ = {isa = PBXBuildFile; fileRef = 3711683C18E4A66100BCC121 /* YIFirstViewController.m */; };
		3711684018E4A66100BCC121 /* YISecondViewController.m in Sources */ = {isa = PBXBuildFile; fileRef = 3711683F18E4A66100BCC121 /* YISecondViewController.m */; };
		3711684218E4A66100BCC121 /* Images.xcassets in Resources */ = {isa = PBXBuildFile; fileRef = 3711684118E4A66100BCC121 /* Images.xcassets */; };
		3711684918E4A66100BCC121 /* XCTest.framework in Frameworks */ = {isa = PBXBuildFile; fileRef = 3711684818E4A66100BCC121 /* XCTest.framework */; };
		3711684A18E4A66100BCC121 /* Foundation.framework in Frameworks */ = {isa = PBXBuildFile; fileRef = 3711682618E4A66100BCC121 /* Foundation.framework */; };
		3711684B18E4A66100BCC121 /* UIKit.framework in Frameworks */ = {isa = PBXBuildFile; fileRef = 3711682A18E4A66100BCC121 /* UIKit.framework */; };
		3711685318E4A66100BCC121 /* InfoPlist.strings in Resources */ = {isa = PBXBuildFile; fileRef = 3711685118E4A66100BCC121 /* InfoPlist.strings */; };
		3711685518E4A66100BCC121 /* UIKitDynamicsDemoTests.m in Sources */ = {isa = PBXBuildFile; fileRef = 3711685418E4A66100BCC121 /* UIKitDynamicsDemoTests.m */; };
		3711686218E4B8AA00BCC121 /* orangeShip.png in Resources */ = {isa = PBXBuildFile; fileRef = 3711686118E4B8AA00BCC121 /* orangeShip.png */; };
		3711687C18E4B92400BCC121 /* 1B.png in Resources */ = {isa = PBXBuildFile; fileRef = 3711686318E4B92400BCC121 /* 1B.png */; };
		3711687D18E4B92400BCC121 /* 2.png in Resources */ = {isa = PBXBuildFile; fileRef = 3711686418E4B92400BCC121 /* 2.png */; };
		3711687E18E4B92400BCC121 /* 2B.png in Resources */ = {isa = PBXBuildFile; fileRef = 3711686518E4B92400BCC121 /* 2B.png */; };
		3711687F18E4B92400BCC121 /* 3.png in Resources */ = {isa = PBXBuildFile; fileRef = 3711686618E4B92400BCC121 /* 3.png */; };
		3711688018E4B92400BCC121 /* 3B.png in Resources */ = {isa = PBXBuildFile; fileRef = 3711686718E4B92400BCC121 /* 3B.png */; };
		3711688118E4B92400BCC121 /* 4.png in Resources */ = {isa = PBXBuildFile; fileRef = 3711686818E4B92400BCC121 /* 4.png */; };
		3711688218E4B92400BCC121 /* 4B.png in Resources */ = {isa = PBXBuildFile; fileRef = 3711686918E4B92400BCC121 /* 4B.png */; };
		3711688318E4B92400BCC121 /* 5.png in Resources */ = {isa = PBXBuildFile; fileRef = 3711686A18E4B92400BCC121 /* 5.png */; };
		3711688418E4B92400BCC121 /* 5B.png in Resources */ = {isa = PBXBuildFile; fileRef = 3711686B18E4B92400BCC121 /* 5B.png */; };
		3711688518E4B92400BCC121 /* 6.png in Resources */ = {isa = PBXBuildFile; fileRef = 3711686C18E4B92400BCC121 /* 6.png */; };
		3711688618E4B92400BCC121 /* 6B.png in Resources */ = {isa = PBXBuildFile; fileRef = 3711686D18E4B92400BCC121 /* 6B.png */; };
		3711688718E4B92400BCC121 /* 7.png in Resources */ = {isa = PBXBuildFile; fileRef = 3711686E18E4B92400BCC121 /* 7.png */; };
		3711688818E4B92400BCC121 /* 7B.png in Resources */ = {isa = PBXBuildFile; fileRef = 3711686F18E4B92400BCC121 /* 7B.png */; };
		3711688918E4B92400BCC121 /* 8.png in Resources */ = {isa = PBXBuildFile; fileRef = 3711687018E4B92400BCC121 /* 8.png */; };
		3711688A18E4B92400BCC121 /* 8B.png in Resources */ = {isa = PBXBuildFile; fileRef = 3711687118E4B92400BCC121 /* 8B.png */; };
		3711688B18E4B92400BCC121 /* 9.png in Resources */ = {isa = PBXBuildFile; fileRef = 3711687218E4B92400BCC121 /* 9.png */; };
		3711688C18E4B92400BCC121 /* 9B.png in Resources */ = {isa = PBXBuildFile; fileRef = 3711687318E4B92400BCC121 /* 9B.png */; };
		3711688D18E4B92400BCC121 /* 10.png in Resources */ = {isa = PBXBuildFile; fileRef = 3711687418E4B92400BCC121 /* 10.png */; };
		3711688E18E4B92400BCC121 /* 10B.png in Resources */ = {isa = PBXBuildFile; fileRef = 3711687518E4B92400BCC121 /* 10B.png */; };
		3711688F18E4B92400BCC121 /* 11.png in Resources */ = {isa = PBXBuildFile; fileRef = 3711687618E4B92400BCC121 /* 11.png */; };
		3711689018E4B92400BCC121 /* 11B.png in Resources */ = {isa = PBXBuildFile; fileRef = 3711687718E4B92400BCC121 /* 11B.png */; };
		3711689118E4B92400BCC121 /* 12.png in Resources */ = {isa = PBXBuildFile; fileRef = 3711687818E4B92400BCC121 /* 12.png */; };
		3711689218E4B92400BCC121 /* 12B.png in Resources */ = {isa = PBXBuildFile; fileRef = 3711687918E4B92400BCC121 /* 12B.png */; };
		3711689318E4B92400BCC121 /* 13.png in Resources */ = {isa = PBXBuildFile; fileRef = 3711687A18E4B92400BCC121 /* 13.png */; };
		3711689418E4B92400BCC121 /* 13B.png in Resources */ = {isa = PBXBuildFile; fileRef = 3711687B18E4B92400BCC121 /* 13B.png */; };
/* End PBXBuildFile section */

/* Begin PBXContainerItemProxy section */
		3711684C18E4A66100BCC121 /* PBXContainerItemProxy */ = {
			isa = PBXContainerItemProxy;
			containerPortal = 3711681B18E4A66100BCC121 /* Project object */;
			proxyType = 1;
			remoteGlobalIDString = 3711682218E4A66100BCC121;
			remoteInfo = UIKitDynamicsDemo;
		};
/* End PBXContainerItemProxy section */

/* Begin PBXFileReference section */
		35813FB318E771EE00D80D12 /* soccerBall.png */ = {isa = PBXFileReference; lastKnownFileType = image.png; path = soccerBall.png; sourceTree = "<group>"; };
		3711682318E4A66100BCC121 /* UIKitDynamicsDemo.app */ = {isa = PBXFileReference; explicitFileType = wrapper.application; includeInIndex = 0; path = UIKitDynamicsDemo.app; sourceTree = BUILT_PRODUCTS_DIR; };
		3711682618E4A66100BCC121 /* Foundation.framework */ = {isa = PBXFileReference; lastKnownFileType = wrapper.framework; name = Foundation.framework; path = System/Library/Frameworks/Foundation.framework; sourceTree = SDKROOT; };
		3711682818E4A66100BCC121 /* CoreGraphics.framework */ = {isa = PBXFileReference; lastKnownFileType = wrapper.framework; name = CoreGraphics.framework; path = System/Library/Frameworks/CoreGraphics.framework; sourceTree = SDKROOT; };
		3711682A18E4A66100BCC121 /* UIKit.framework */ = {isa = PBXFileReference; lastKnownFileType = wrapper.framework; name = UIKit.framework; path = System/Library/Frameworks/UIKit.framework; sourceTree = SDKROOT; };
		3711682E18E4A66100BCC121 /* UIKitDynamicsDemo-Info.plist */ = {isa = PBXFileReference; lastKnownFileType = text.plist.xml; path = "UIKitDynamicsDemo-Info.plist"; sourceTree = "<group>"; };
		3711683018E4A66100BCC121 /* en */ = {isa = PBXFileReference; lastKnownFileType = text.plist.strings; name = en; path = en.lproj/InfoPlist.strings; sourceTree = "<group>"; };
		3711683218E4A66100BCC121 /* main.m */ = {isa = PBXFileReference; lastKnownFileType = sourcecode.c.objc; path = main.m; sourceTree = "<group>"; };
		3711683418E4A66100BCC121 /* UIKitDynamicsDemo-Prefix.pch */ = {isa = PBXFileReference; lastKnownFileType = sourcecode.c.h; path = "UIKitDynamicsDemo-Prefix.pch"; sourceTree = "<group>"; };
		3711683518E4A66100BCC121 /* YIAppDelegate.h */ = {isa = PBXFileReference; lastKnownFileType = sourcecode.c.h; path = YIAppDelegate.h; sourceTree = "<group>"; };
		3711683618E4A66100BCC121 /* YIAppDelegate.m */ = {isa = PBXFileReference; lastKnownFileType = sourcecode.c.objc; path = YIAppDelegate.m; sourceTree = "<group>"; };
		3711683918E4A66100BCC121 /* Base */ = {isa = PBXFileReference; lastKnownFileType = file.storyboard; name = Base; path = Base.lproj/Main.storyboard; sourceTree = "<group>"; };
		3711683B18E4A66100BCC121 /* YIFirstViewController.h */ = {isa = PBXFileReference; lastKnownFileType = sourcecode.c.h; path = YIFirstViewController.h; sourceTree = "<group>"; };
		3711683C18E4A66100BCC121 /* YIFirstViewController.m */ = {isa = PBXFileReference; lastKnownFileType = sourcecode.c.objc; path = YIFirstViewController.m; sourceTree = "<group>"; };
		3711683E18E4A66100BCC121 /* YISecondViewController.h */ = {isa = PBXFileReference; lastKnownFileType = sourcecode.c.h; path = YISecondViewController.h; sourceTree = "<group>"; };
		3711683F18E4A66100BCC121 /* YISecondViewController.m */ = {isa = PBXFileReference; lastKnownFileType = sourcecode.c.objc; path = YISecondViewController.m; sourceTree = "<group>"; };
		3711684118E4A66100BCC121 /* Images.xcassets */ = {isa = PBXFileReference; lastKnownFileType = folder.assetcatalog; path = Images.xcassets; sourceTree = "<group>"; };
		3711684718E4A66100BCC121 /* UIKitDynamicsDemoTests.xctest */ = {isa = PBXFileReference; explicitFileType = wrapper.cfbundle; includeInIndex = 0; path = UIKitDynamicsDemoTests.xctest; sourceTree = BUILT_PRODUCTS_DIR; };
		3711684818E4A66100BCC121 /* XCTest.framework */ = {isa = PBXFileReference; lastKnownFileType = wrapper.framework; name = XCTest.framework; path = Library/Frameworks/XCTest.framework; sourceTree = DEVELOPER_DIR; };
		3711685018E4A66100BCC121 /* UIKitDynamicsDemoTests-Info.plist */ = {isa = PBXFileReference; lastKnownFileType = text.plist.xml; path = "UIKitDynamicsDemoTests-Info.plist"; sourceTree = "<group>"; };
		3711685218E4A66100BCC121 /* en */ = {isa = PBXFileReference; lastKnownFileType = text.plist.strings; name = en; path = en.lproj/InfoPlist.strings; sourceTree = "<group>"; };
		3711685418E4A66100BCC121 /* UIKitDynamicsDemoTests.m */ = {isa = PBXFileReference; lastKnownFileType = sourcecode.c.objc; path = UIKitDynamicsDemoTests.m; sourceTree = "<group>"; };
		3711686118E4B8AA00BCC121 /* orangeShip.png */ = {isa = PBXFileReference; lastKnownFileType = image.png; path = orangeShip.png; sourceTree = "<group>"; };
		3711686318E4B92400BCC121 /* 1B.png */ = {isa = PBXFileReference; lastKnownFileType = image.png; path = 1B.png; sourceTree = "<group>"; };
		3711686418E4B92400BCC121 /* 2.png */ = {isa = PBXFileReference; lastKnownFileType = image.png; path = 2.png; sourceTree = "<group>"; };
		3711686518E4B92400BCC121 /* 2B.png */ = {isa = PBXFileReference; lastKnownFileType = image.png; path = 2B.png; sourceTree = "<group>"; };
		3711686618E4B92400BCC121 /* 3.png */ = {isa = PBXFileReference; lastKnownFileType = image.png; path = 3.png; sourceTree = "<group>"; };
		3711686718E4B92400BCC121 /* 3B.png */ = {isa = PBXFileReference; lastKnownFileType = image.png; path = 3B.png; sourceTree = "<group>"; };
		3711686818E4B92400BCC121 /* 4.png */ = {isa = PBXFileReference; lastKnownFileType = image.png; path = 4.png; sourceTree = "<group>"; };
		3711686918E4B92400BCC121 /* 4B.png */ = {isa = PBXFileReference; lastKnownFileType = image.png; path = 4B.png; sourceTree = "<group>"; };
		3711686A18E4B92400BCC121 /* 5.png */ = {isa = PBXFileReference; lastKnownFileType = image.png; path = 5.png; sourceTree = "<group>"; };
		3711686B18E4B92400BCC121 /* 5B.png */ = {isa = PBXFileReference; lastKnownFileType = image.png; path = 5B.png; sourceTree = "<group>"; };
		3711686C18E4B92400BCC121 /* 6.png */ = {isa = PBXFileReference; lastKnownFileType = image.png; path = 6.png; sourceTree = "<group>"; };
		3711686D18E4B92400BCC121 /* 6B.png */ = {isa = PBXFileReference; lastKnownFileType = image.png; path = 6B.png; sourceTree = "<group>"; };
		3711686E18E4B92400BCC121 /* 7.png */ = {isa = PBXFileReference; lastKnownFileType = image.png; path = 7.png; sourceTree = "<group>"; };
		3711686F18E4B92400BCC121 /* 7B.png */ = {isa = PBXFileReference; lastKnownFileType = image.png; path = 7B.png; sourceTree = "<group>"; };
		3711687018E4B92400BCC121 /* 8.png */ = {isa = PBXFileReference; lastKnownFileType = image.png; path = 8.png; sourceTree = "<group>"; };
		3711687118E4B92400BCC121 /* 8B.png */ = {isa = PBXFileReference; lastKnownFileType = image.png; path = 8B.png; sourceTree = "<group>"; };
		3711687218E4B92400BCC121 /* 9.png */ = {isa = PBXFileReference; lastKnownFileType = image.png; path = 9.png; sourceTree = "<group>"; };
		3711687318E4B92400BCC121 /* 9B.png */ = {isa = PBXFileReference; lastKnownFileType = image.png; path = 9B.png; sourceTree = "<group>"; };
		3711687418E4B92400BCC121 /* 10.png */ = {isa = PBXFileReference; lastKnownFileType = image.png; path = 10.png; sourceTree = "<group>"; };
		3711687518E4B92400BCC121 /* 10B.png */ = {isa = PBXFileReference; lastKnownFileType = image.png; path = 10B.png; sourceTree = "<group>"; };
		3711687618E4B92400BCC121 /* 11.png */ = {isa = PBXFileReference; lastKnownFileType = image.png; path = 11.png; sourceTree = "<group>"; };
		3711687718E4B92400BCC121 /* 11B.png */ = {isa = PBXFileReference; lastKnownFileType = image.png; path = 11B.png; sourceTree = "<group>"; };
		3711687818E4B92400BCC121 /* 12.png */ = {isa = PBXFileReference; lastKnownFileType = image.png; path = 12.png; sourceTree = "<group>"; };
		3711687918E4B92400BCC121 /* 12B.png */ = {isa = PBXFileReference; lastKnownFileType = image.png; path = 12B.png; sourceTree = "<group>"; };
		3711687A18E4B92400BCC121 /* 13.png */ = {isa = PBXFileReference; lastKnownFileType = image.png; path = 13.png; sourceTree = "<group>"; };
		3711687B18E4B92400BCC121 /* 13B.png */ = {isa = PBXFileReference; lastKnownFileType = image.png; path = 13B.png; sourceTree = "<group>"; };
/* End PBXFileReference section */

/* Begin PBXFrameworksBuildPhase section */
		3711682018E4A66100BCC121 /* Frameworks */ = {
			isa = PBXFrameworksBuildPhase;
			buildActionMask = 2147483647;
			files = (
				3711682918E4A66100BCC121 /* CoreGraphics.framework in Frameworks */,
				3711682B18E4A66100BCC121 /* UIKit.framework in Frameworks */,
				3711682718E4A66100BCC121 /* Foundation.framework in Frameworks */,
			);
			runOnlyForDeploymentPostprocessing = 0;
		};
		3711684418E4A66100BCC121 /* Frameworks */ = {
			isa = PBXFrameworksBuildPhase;
			buildActionMask = 2147483647;
			files = (
				3711684918E4A66100BCC121 /* XCTest.framework in Frameworks */,
				3711684B18E4A66100BCC121 /* UIKit.framework in Frameworks */,
				3711684A18E4A66100BCC121 /* Foundation.framework in Frameworks */,
			);
			runOnlyForDeploymentPostprocessing = 0;
		};
/* End PBXFrameworksBuildPhase section */

/* Begin PBXGroup section */
		3711681A18E4A66100BCC121 = {
			isa = PBXGroup;
			children = (
				3711682C18E4A66100BCC121 /* UIKitDynamicsDemo */,
				3711684E18E4A66100BCC121 /* UIKitDynamicsDemoTests */,
				3711682518E4A66100BCC121 /* Frameworks */,
				3711682418E4A66100BCC121 /* Products */,
			);
			sourceTree = "<group>";
		};
		3711682418E4A66100BCC121 /* Products */ = {
			isa = PBXGroup;
			children = (
				3711682318E4A66100BCC121 /* UIKitDynamicsDemo.app */,
				3711684718E4A66100BCC121 /* UIKitDynamicsDemoTests.xctest */,
			);
			name = Products;
			sourceTree = "<group>";
		};
		3711682518E4A66100BCC121 /* Frameworks */ = {
			isa = PBXGroup;
			children = (
				3711682618E4A66100BCC121 /* Foundation.framework */,
				3711682818E4A66100BCC121 /* CoreGraphics.framework */,
				3711682A18E4A66100BCC121 /* UIKit.framework */,
				3711684818E4A66100BCC121 /* XCTest.framework */,
			);
			name = Frameworks;
			sourceTree = "<group>";
		};
		3711682C18E4A66100BCC121 /* UIKitDynamicsDemo */ = {
			isa = PBXGroup;
			children = (
				3711685E18E4B5DD00BCC121 /* Assets */,
				3711683518E4A66100BCC121 /* YIAppDelegate.h */,
				3711683618E4A66100BCC121 /* YIAppDelegate.m */,
				3711683818E4A66100BCC121 /* Main.storyboard */,
				3711683B18E4A66100BCC121 /* YIFirstViewController.h */,
				3711683C18E4A66100BCC121 /* YIFirstViewController.m */,
				3711683E18E4A66100BCC121 /* YISecondViewController.h */,
				3711683F18E4A66100BCC121 /* YISecondViewController.m */,
				3711684118E4A66100BCC121 /* Images.xcassets */,
				3711682D18E4A66100BCC121 /* Supporting Files */,
			);
			path = UIKitDynamicsDemo;
			sourceTree = "<group>";
		};
		3711682D18E4A66100BCC121 /* Supporting Files */ = {
			isa = PBXGroup;
			children = (
				3711682E18E4A66100BCC121 /* UIKitDynamicsDemo-Info.plist */,
				3711682F18E4A66100BCC121 /* InfoPlist.strings */,
				3711683218E4A66100BCC121 /* main.m */,
				3711683418E4A66100BCC121 /* UIKitDynamicsDemo-Prefix.pch */,
			);
			name = "Supporting Files";
			sourceTree = "<group>";
		};
		3711684E18E4A66100BCC121 /* UIKitDynamicsDemoTests */ = {
			isa = PBXGroup;
			children = (
				3711685418E4A66100BCC121 /* UIKitDynamicsDemoTests.m */,
				3711684F18E4A66100BCC121 /* Supporting Files */,
			);
			path = UIKitDynamicsDemoTests;
			sourceTree = "<group>";
		};
		3711684F18E4A66100BCC121 /* Supporting Files */ = {
			isa = PBXGroup;
			children = (
				3711685018E4A66100BCC121 /* UIKitDynamicsDemoTests-Info.plist */,
				3711685118E4A66100BCC121 /* InfoPlist.strings */,
			);
			name = "Supporting Files";
			sourceTree = "<group>";
		};
		3711685E18E4B5DD00BCC121 /* Assets */ = {
			isa = PBXGroup;
			children = (
				3711686318E4B92400BCC121 /* 1B.png */,
				3711686418E4B92400BCC121 /* 2.png */,
				3711686518E4B92400BCC121 /* 2B.png */,
				3711686618E4B92400BCC121 /* 3.png */,
				3711686718E4B92400BCC121 /* 3B.png */,
				3711686818E4B92400BCC121 /* 4.png */,
				3711686918E4B92400BCC121 /* 4B.png */,
				3711686A18E4B92400BCC121 /* 5.png */,
				3711686B18E4B92400BCC121 /* 5B.png */,
				3711686C18E4B92400BCC121 /* 6.png */,
				3711686D18E4B92400BCC121 /* 6B.png */,
				3711686E18E4B92400BCC121 /* 7.png */,
				3711686F18E4B92400BCC121 /* 7B.png */,
				3711687018E4B92400BCC121 /* 8.png */,
				3711687118E4B92400BCC121 /* 8B.png */,
				3711687218E4B92400BCC121 /* 9.png */,
				3711687318E4B92400BCC121 /* 9B.png */,
				3711687418E4B92400BCC121 /* 10.png */,
				3711687518E4B92400BCC121 /* 10B.png */,
				3711687618E4B92400BCC121 /* 11.png */,
				3711687718E4B92400BCC121 /* 11B.png */,
				3711687818E4B92400BCC121 /* 12.png */,
				3711687918E4B92400BCC121 /* 12B.png */,
				3711687A18E4B92400BCC121 /* 13.png */,
				3711687B18E4B92400BCC121 /* 13B.png */,
				3711686118E4B8AA00BCC121 /* orangeShip.png */,
				35813FB318E771EE00D80D12 /* soccerBall.png */,
			);
			name = Assets;
			sourceTree = "<group>";
		};
/* End PBXGroup section */

/* Begin PBXNativeTarget section */
		3711682218E4A66100BCC121 /* UIKitDynamicsDemo */ = {
			isa = PBXNativeTarget;
			buildConfigurationList = 3711685818E4A66100BCC121 /* Build configuration list for PBXNativeTarget "UIKitDynamicsDemo" */;
			buildPhases = (
				3711681F18E4A66100BCC121 /* Sources */,
				3711682018E4A66100BCC121 /* Frameworks */,
				3711682118E4A66100BCC121 /* Resources */,
			);
			buildRules = (
			);
			dependencies = (
			);
			name = UIKitDynamicsDemo;
			productName = UIKitDynamicsDemo;
			productReference = 3711682318E4A66100BCC121 /* UIKitDynamicsDemo.app */;
			productType = "com.apple.product-type.application";
		};
		3711684618E4A66100BCC121 /* UIKitDynamicsDemoTests */ = {
			isa = PBXNativeTarget;
			buildConfigurationList = 3711685B18E4A66100BCC121 /* Build configuration list for PBXNativeTarget "UIKitDynamicsDemoTests" */;
			buildPhases = (
				3711684318E4A66100BCC121 /* Sources */,
				3711684418E4A66100BCC121 /* Frameworks */,
				3711684518E4A66100BCC121 /* Resources */,
			);
			buildRules = (
			);
			dependencies = (
				3711684D18E4A66100BCC121 /* PBXTargetDependency */,
			);
			name = UIKitDynamicsDemoTests;
			productName = UIKitDynamicsDemoTests;
			productReference = 3711684718E4A66100BCC121 /* UIKitDynamicsDemoTests.xctest */;
			productType = "com.apple.product-type.bundle.unit-test";
		};
/* End PBXNativeTarget section */

/* Begin PBXProject section */
		3711681B18E4A66100BCC121 /* Project object */ = {
			isa = PBXProject;
			attributes = {
				CLASSPREFIX = YI;
				LastUpgradeCheck = 0510;
				ORGANIZATIONNAME = ASHP;
				TargetAttributes = {
					3711684618E4A66100BCC121 = {
						TestTargetID = 3711682218E4A66100BCC121;
					};
				};
			};
			buildConfigurationList = 3711681E18E4A66100BCC121 /* Build configuration list for PBXProject "UIKitDynamicsDemo" */;
			compatibilityVersion = "Xcode 3.2";
			developmentRegion = English;
			hasScannedForEncodings = 0;
			knownRegions = (
				en,
				Base,
			);
			mainGroup = 3711681A18E4A66100BCC121;
			productRefGroup = 3711682418E4A66100BCC121 /* Products */;
			projectDirPath = "";
			projectRoot = "";
			targets = (
				3711682218E4A66100BCC121 /* UIKitDynamicsDemo */,
				3711684618E4A66100BCC121 /* UIKitDynamicsDemoTests */,
			);
		};
/* End PBXProject section */

/* Begin PBXResourcesBuildPhase section */
		3711682118E4A66100BCC121 /* Resources */ = {
			isa = PBXResourcesBuildPhase;
			buildActionMask = 2147483647;
			files = (
				3711689118E4B92400BCC121 /* 12.png in Resources */,
				3711688518E4B92400BCC121 /* 6.png in Resources */,
				3711688418E4B92400BCC121 /* 5B.png in Resources */,
				3711689218E4B92400BCC121 /* 12B.png in Resources */,
				3711687D18E4B92400BCC121 /* 2.png in Resources */,
				3711688218E4B92400BCC121 /* 4B.png in Resources */,
				3711688A18E4B92400BCC121 /* 8B.png in Resources */,
				3711687C18E4B92400BCC121 /* 1B.png in Resources */,
				3711687E18E4B92400BCC121 /* 2B.png in Resources */,
				3711688918E4B92400BCC121 /* 8.png in Resources */,
				3711687F18E4B92400BCC121 /* 3.png in Resources */,
				35813FB418E771EE00D80D12 /* soccerBall.png in Resources */,
				3711688018E4B92400BCC121 /* 3B.png in Resources */,
				3711684218E4A66100BCC121 /* Images.xcassets in Resources */,
				3711689318E4B92400BCC121 /* 13.png in Resources */,
				3711688818E4B92400BCC121 /* 7B.png in Resources */,
				3711686218E4B8AA00BCC121 /* orangeShip.png in Resources */,
				3711688B18E4B92400BCC121 /* 9.png in Resources */,
				3711688D18E4B92400BCC121 /* 10.png in Resources */,
				3711688618E4B92400BCC121 /* 6B.png in Resources */,
				3711689018E4B92400BCC121 /* 11B.png in Resources */,
				3711683118E4A66100BCC121 /* InfoPlist.strings in Resources */,
				3711688C18E4B92400BCC121 /* 9B.png in Resources */,
				3711688318E4B92400BCC121 /* 5.png in Resources */,
				3711688F18E4B92400BCC121 /* 11.png in Resources */,
				3711688E18E4B92400BCC121 /* 10B.png in Resources */,
				3711688118E4B92400BCC121 /* 4.png in Resources */,
				3711683A18E4A66100BCC121 /* Main.storyboard in Resources */,
				3711688718E4B92400BCC121 /* 7.png in Resources */,
				3711689418E4B92400BCC121 /* 13B.png in Resources */,
			);
			runOnlyForDeploymentPostprocessing = 0;
		};
		3711684518E4A66100BCC121 /* Resources */ = {
			isa = PBXResourcesBuildPhase;
			buildActionMask = 2147483647;
			files = (
				3711685318E4A66100BCC121 /* InfoPlist.strings in Resources */,
			);
			runOnlyForDeploymentPostprocessing = 0;
		};
/* End PBXResourcesBuildPhase section */

/* Begin PBXSourcesBuildPhase section */
		3711681F18E4A66100BCC121 /* Sources */ = {
			isa = PBXSourcesBuildPhase;
			buildActionMask = 2147483647;
			files = (
				3711684018E4A66100BCC121 /* YISecondViewController.m in Sources */,
				3711683D18E4A66100BCC121 /* YIFirstViewController.m in Sources */,
				3711683718E4A66100BCC121 /* YIAppDelegate.m in Sources */,
				3711683318E4A66100BCC121 /* main.m in Sources */,
			);
			runOnlyForDeploymentPostprocessing = 0;
		};
		3711684318E4A66100BCC121 /* Sources */ = {
			isa = PBXSourcesBuildPhase;
			buildActionMask = 2147483647;
			files = (
				3711685518E4A66100BCC121 /* UIKitDynamicsDemoTests.m in Sources */,
			);
			runOnlyForDeploymentPostprocessing = 0;
		};
/* End PBXSourcesBuildPhase section */

/* Begin PBXTargetDependency section */
		3711684D18E4A66100BCC121 /* PBXTargetDependency */ = {
			isa = PBXTargetDependency;
			target = 3711682218E4A66100BCC121 /* UIKitDynamicsDemo */;
			targetProxy = 3711684C18E4A66100BCC121 /* PBXContainerItemProxy */;
		};
/* End PBXTargetDependency section */

/* Begin PBXVariantGroup section */
		3711682F18E4A66100BCC121 /* InfoPlist.strings */ = {
			isa = PBXVariantGroup;
			children = (
				3711683018E4A66100BCC121 /* en */,
			);
			name = InfoPlist.strings;
			sourceTree = "<group>";
		};
		3711683818E4A66100BCC121 /* Main.storyboard */ = {
			isa = PBXVariantGroup;
			children = (
				3711683918E4A66100BCC121 /* Base */,
			);
			name = Main.storyboard;
			sourceTree = "<group>";
		};
		3711685118E4A66100BCC121 /* InfoPlist.strings */ = {
			isa = PBXVariantGroup;
			children = (
				3711685218E4A66100BCC121 /* en */,
			);
			name = InfoPlist.strings;
			sourceTree = "<group>";
		};
/* End PBXVariantGroup section */

/* Begin XCBuildConfiguration section */
		3711685618E4A66100BCC121 /* Debug */ = {
			isa = XCBuildConfiguration;
			buildSettings = {
				ALWAYS_SEARCH_USER_PATHS = NO;
				CLANG_CXX_LANGUAGE_STANDARD = "gnu++0x";
				CLANG_CXX_LIBRARY = "libc++";
				CLANG_ENABLE_MODULES = YES;
				CLANG_ENABLE_OBJC_ARC = YES;
				CLANG_WARN_BOOL_CONVERSION = YES;
				CLANG_WARN_CONSTANT_CONVERSION = YES;
				CLANG_WARN_DIRECT_OBJC_ISA_USAGE = YES_ERROR;
				CLANG_WARN_EMPTY_BODY = YES;
				CLANG_WARN_ENUM_CONVERSION = YES;
				CLANG_WARN_INT_CONVERSION = YES;
				CLANG_WARN_OBJC_ROOT_CLASS = YES_ERROR;
				CLANG_WARN__DUPLICATE_METHOD_MATCH = YES;
				"CODE_SIGN_IDENTITY[sdk=iphoneos*]" = "iPhone Developer";
				COPY_PHASE_STRIP = NO;
				GCC_C_LANGUAGE_STANDARD = gnu99;
				GCC_DYNAMIC_NO_PIC = NO;
				GCC_OPTIMIZATION_LEVEL = 0;
				GCC_PREPROCESSOR_DEFINITIONS = (
					"DEBUG=1",
					"$(inherited)",
				);
				GCC_SYMBOLS_PRIVATE_EXTERN = NO;
				GCC_WARN_64_TO_32_BIT_CONVERSION = YES;
				GCC_WARN_ABOUT_RETURN_TYPE = YES_ERROR;
				GCC_WARN_UNDECLARED_SELECTOR = YES;
				GCC_WARN_UNINITIALIZED_AUTOS = YES_AGGRESSIVE;
				GCC_WARN_UNUSED_FUNCTION = YES;
				GCC_WARN_UNUSED_VARIABLE = YES;
				IPHONEOS_DEPLOYMENT_TARGET = 7.1;
				ONLY_ACTIVE_ARCH = YES;
				SDKROOT = iphoneos;
			};
			name = Debug;
		};
		3711685718E4A66100BCC121 /* Release */ = {
			isa = XCBuildConfiguration;
			buildSettings = {
				ALWAYS_SEARCH_USER_PATHS = NO;
				CLANG_CXX_LANGUAGE_STANDARD = "gnu++0x";
				CLANG_CXX_LIBRARY = "libc++";
				CLANG_ENABLE_MODULES = YES;
				CLANG_ENABLE_OBJC_ARC = YES;
				CLANG_WARN_BOOL_CONVERSION = YES;
				CLANG_WARN_CONSTANT_CONVERSION = YES;
				CLANG_WARN_DIRECT_OBJC_ISA_USAGE = YES_ERROR;
				CLANG_WARN_EMPTY_BODY = YES;
				CLANG_WARN_ENUM_CONVERSION = YES;
				CLANG_WARN_INT_CONVERSION = YES;
				CLANG_WARN_OBJC_ROOT_CLASS = YES_ERROR;
				CLANG_WARN__DUPLICATE_METHOD_MATCH = YES;
				"CODE_SIGN_IDENTITY[sdk=iphoneos*]" = "iPhone Developer";
				COPY_PHASE_STRIP = YES;
				ENABLE_NS_ASSERTIONS = NO;
				GCC_C_LANGUAGE_STANDARD = gnu99;
				GCC_WARN_64_TO_32_BIT_CONVERSION = YES;
				GCC_WARN_ABOUT_RETURN_TYPE = YES_ERROR;
				GCC_WARN_UNDECLARED_SELECTOR = YES;
				GCC_WARN_UNINITIALIZED_AUTOS = YES_AGGRESSIVE;
				GCC_WARN_UNUSED_FUNCTION = YES;
				GCC_WARN_UNUSED_VARIABLE = YES;
				IPHONEOS_DEPLOYMENT_TARGET = 7.1;
				SDKROOT = iphoneos;
				VALIDATE_PRODUCT = YES;
			};
			name = Release;
		};
		3711685918E4A66100BCC121 /* Debug */ = {
			isa = XCBuildConfiguration;
			buildSettings = {
				ASSETCATALOG_COMPILER_APPICON_NAME = AppIcon;
				ASSETCATALOG_COMPILER_LAUNCHIMAGE_NAME = LaunchImage;
				GCC_PRECOMPILE_PREFIX_HEADER = YES;
				GCC_PREFIX_HEADER = "UIKitDynamicsDemo/UIKitDynamicsDemo-Prefix.pch";
				INFOPLIST_FILE = "UIKitDynamicsDemo/UIKitDynamicsDemo-Info.plist";
				PRODUCT_NAME = "$(TARGET_NAME)";
				WRAPPER_EXTENSION = app;
			};
			name = Debug;
		};
		3711685A18E4A66100BCC121 /* Release */ = {
			isa = XCBuildConfiguration;
			buildSettings = {
				ASSETCATALOG_COMPILER_APPICON_NAME = AppIcon;
				ASSETCATALOG_COMPILER_LAUNCHIMAGE_NAME = LaunchImage;
				GCC_PRECOMPILE_PREFIX_HEADER = YES;
				GCC_PREFIX_HEADER = "UIKitDynamicsDemo/UIKitDynamicsDemo-Prefix.pch";
				INFOPLIST_FILE = "UIKitDynamicsDemo/UIKitDynamicsDemo-Info.plist";
				PRODUCT_NAME = "$(TARGET_NAME)";
				WRAPPER_EXTENSION = app;
			};
			name = Release;
		};
		3711685C18E4A66100BCC121 /* Debug */ = {
			isa = XCBuildConfiguration;
			buildSettings = {
				BUNDLE_LOADER = "$(BUILT_PRODUCTS_DIR)/UIKitDynamicsDemo.app/UIKitDynamicsDemo";
				FRAMEWORK_SEARCH_PATHS = (
					"$(SDKROOT)/Developer/Library/Frameworks",
					"$(inherited)",
					"$(DEVELOPER_FRAMEWORKS_DIR)",
				);
				GCC_PRECOMPILE_PREFIX_HEADER = YES;
				GCC_PREFIX_HEADER = "UIKitDynamicsDemo/UIKitDynamicsDemo-Prefix.pch";
				GCC_PREPROCESSOR_DEFINITIONS = (
					"DEBUG=1",
					"$(inherited)",
				);
				INFOPLIST_FILE = "UIKitDynamicsDemoTests/UIKitDynamicsDemoTests-Info.plist";
				PRODUCT_NAME = "$(TARGET_NAME)";
				TEST_HOST = "$(BUNDLE_LOADER)";
				WRAPPER_EXTENSION = xctest;
			};
			name = Debug;
		};
		3711685D18E4A66100BCC121 /* Release */ = {
			isa = XCBuildConfiguration;
			buildSettings = {
				BUNDLE_LOADER = "$(BUILT_PRODUCTS_DIR)/UIKitDynamicsDemo.app/UIKitDynamicsDemo";
				FRAMEWORK_SEARCH_PATHS = (
					"$(SDKROOT)/Developer/Library/Frameworks",
					"$(inherited)",
					"$(DEVELOPER_FRAMEWORKS_DIR)",
				);
				GCC_PRECOMPILE_PREFIX_HEADER = YES;
				GCC_PREFIX_HEADER = "UIKitDynamicsDemo/UIKitDynamicsDemo-Prefix.pch";
				INFOPLIST_FILE = "UIKitDynamicsDemoTests/UIKitDynamicsDemoTests-Info.plist";
				PRODUCT_NAME = "$(TARGET_NAME)";
				TEST_HOST = "$(BUNDLE_LOADER)";
				WRAPPER_EXTENSION = xctest;
			};
			name = Release;
		};
/* End XCBuildConfiguration section */

/* Begin XCConfigurationList section */
		3711681E18E4A66100BCC121 /* Build configuration list for PBXProject "UIKitDynamicsDemo" */ = {
			isa = XCConfigurationList;
			buildConfigurations = (
				3711685618E4A66100BCC121 /* Debug */,
				3711685718E4A66100BCC121 /* Release */,
			);
			defaultConfigurationIsVisible = 0;
			defaultConfigurationName = Release;
		};
		3711685818E4A66100BCC121 /* Build configuration list for PBXNativeTarget "UIKitDynamicsDemo" */ = {
			isa = XCConfigurationList;
			buildConfigurations = (
				3711685918E4A66100BCC121 /* Debug */,
				3711685A18E4A66100BCC121 /* Release */,
			);
			defaultConfigurationIsVisible = 0;
			defaultConfigurationName = Release;
		};
		3711685B18E4A66100BCC121 /* Build configuration list for PBXNativeTarget "UIKitDynamicsDemoTests" */ = {
			isa = XCConfigurationList;
			buildConfigurations = (
				3711685C18E4A66100BCC121 /* Debug */,
				3711685D18E4A66100BCC121 /* Release */,
			);
			defaultConfigurationIsVisible = 0;
			defaultConfigurationName = Release;
		};
/* End XCConfigurationList section */
	};
	rootObject = 3711681B18E4A66100BCC121 /* Project object */;
}
